PODS:
  - FormatterKit/Resources (1.8.2)
  - FormatterKit/URLRequestFormatter (1.8.2):
    - FormatterKit/Resources
  - Fuzi (2.0.1)
  - Gnomon/Core (3.1.1):
    - FormatterKit/URLRequestFormatter (>= 1.8.2)
    - RxSwift (~> 4.0)
  - Nimble (7.0.3)
  - RxBlocking (4.1.0):
    - RxSwift (~> 4.0)
  - RxSwift (4.1.0)
  - Sextant (0.0.1):
    - Fuzi
    - Gnomon/Core
    - RxSwift (~> 4.0)
  - SignatureInterceptor (2.0.1)
  - SwiftLint (0.24.0)

DEPENDENCIES:
  - Nimble (~> 7.0)
  - RxBlocking
  - Sextant (from `.`)
  - SignatureInterceptor (~> 2.0)
  - SwiftLint

EXTERNAL SOURCES:
  Sextant:
    :path: .

SPEC CHECKSUMS:
  FormatterKit: 4b8f29acc9b872d5d12a63efb560661e8f2e1b98
  Fuzi: f64983dea705491d3aedd32351247a09523e7efd
  Gnomon: 05a0b538c8043f149c798a78605461ee5583c38d
  Nimble: 7f5a9c447a33002645a071bddafbfb24ea70e0ac
  RxBlocking: 193d33fad26f00a4e60831481938486deaaaa200
  RxSwift: 4219941c1244c88002901bd87a69d3aea9ae71f0
  Sextant: 7d9cc8ef69b78a3e877b7bb27c0070b1d7149238
  SignatureInterceptor: e861fea08aec71ad83e8f470cd0ee846f2d2f447
  SwiftLint: a014c92b4664e8b13f380f8640a51bb1733778ba

PODFILE CHECKSUM: 417d834ebbb24d743e8f6e989e339491607f325b

COCOAPODS: 1.4.0
