// !$*UTF8*$!
{
	archiveVersion = 1;
	classes = {
	};
	objectVersion = 46;
	objects = {

/* Begin PBXBuildFile section */
		3AB8BBCC7D6B3A63F74773DE /* Pods_Tests_iOSTests.framework in Frameworks */ = {isa = PBXBuildFile; fileRef = CECD4C2682324E936658247B /* Pods_Tests_iOSTests.framework */; };
		4558D11918401AB38E8E1786 /* Pods_Tests_tvOSTests.framework in Frameworks */ = {isa = PBXBuildFile; fileRef = 9632BBA3EEFC5F2F3D3ECF19 /* Pods_Tests_tvOSTests.framework */; };
		8B367CBF2024AF1100D4CE9D /* F1Spec.swift in Sources */ = {isa = PBXBuildFile; fileRef = 8B367CBD2024AF0E00D4CE9D /* F1Spec.swift */; };
		8B367CC22024B08100D4CE9D /* BaseSpec.swift in Sources */ = {isa = PBXBuildFile; fileRef = 8B367CC02024B06B00D4CE9D /* BaseSpec.swift */; };
		8B367CC82024B37B00D4CE9D /* f1.xml in Resources */ = {isa = PBXBuildFile; fileRef = 8B367CC62024B37A00D4CE9D /* f1.xml */; };
		8B367CC92024B37B00D4CE9D /* f1.xml in Resources */ = {isa = PBXBuildFile; fileRef = 8B367CC62024B37A00D4CE9D /* f1.xml */; };
		8B367CCE2024B3A800D4CE9D /* f15.xml in Resources */ = {isa = PBXBuildFile; fileRef = 8B367CCC2024B3A800D4CE9D /* f15.xml */; };
		8B367CCF2024B3A800D4CE9D /* f15.xml in Resources */ = {isa = PBXBuildFile; fileRef = 8B367CCC2024B3A800D4CE9D /* f15.xml */; };
		8B367CD02024B3A800D4CE9D /* f15.json in Resources */ = {isa = PBXBuildFile; fileRef = 8B367CCD2024B3A800D4CE9D /* f15.json */; };
		8B367CD12024B3A800D4CE9D /* f15.json in Resources */ = {isa = PBXBuildFile; fileRef = 8B367CCD2024B3A800D4CE9D /* f15.json */; };
		8B64F14720286B6F00E087D8 /* f1_cup.xml in Resources */ = {isa = PBXBuildFile; fileRef = 8B64F14320286B6E00E087D8 /* f1_cup.xml */; };
		8B64F14820286B6F00E087D8 /* f1_cl.xml in Resources */ = {isa = PBXBuildFile; fileRef = 8B64F14420286B6E00E087D8 /* f1_cl.xml */; };
		8B6C6BED203DD56D0012CC04 /* f26_live_extratime.xml in Resources */ = {isa = PBXBuildFile; fileRef = 8B6C6BEC203DD56C0012CC04 /* f26_live_extratime.xml */; };
		8B6C6BF5203EC4D40012CC04 /* F3Spec.swift in Sources */ = {isa = PBXBuildFile; fileRef = 8B6C6BF4203EC4D40012CC04 /* F3Spec.swift */; };
		8B6C6BF9203EF73A0012CC04 /* f3_cl.xml in Resources */ = {isa = PBXBuildFile; fileRef = 8B6C6BF7203EF73A0012CC04 /* f3_cl.xml */; };
		8B6C6BFA203EF73A0012CC04 /* f3.xml in Resources */ = {isa = PBXBuildFile; fileRef = 8B6C6BF8203EF73A0012CC04 /* f3.xml */; };
		8B6C6C1020401BBD0012CC04 /* f3_qualification.xml in Resources */ = {isa = PBXBuildFile; fileRef = 8B6C6C0F20401BBD0012CC04 /* f3_qualification.xml */; };
		8B6D5A8B202DCA4100CC80C3 /* F9Spec.swift in Sources */ = {isa = PBXBuildFile; fileRef = 8B6D5A8A202DCA4100CC80C3 /* F9Spec.swift */; };
		8B6D5A98202DE06200CC80C3 /* f9_post.xml in Resources */ = {isa = PBXBuildFile; fileRef = 8B6D5A97202DE06200CC80C3 /* f9_post.xml */; };
		8B6D5AA52031B5F000CC80C3 /* f9_lineup.xml in Resources */ = {isa = PBXBuildFile; fileRef = 8B6D5AA12031B5EF00CC80C3 /* f9_lineup.xml */; };
		8B6D5AA62031B5F000CC80C3 /* f9_first_half.xml in Resources */ = {isa = PBXBuildFile; fileRef = 8B6D5AA22031B5EF00CC80C3 /* f9_first_half.xml */; };
		8B6D5AA72031B5F000CC80C3 /* f9_live.xml in Resources */ = {isa = PBXBuildFile; fileRef = 8B6D5AA32031B5EF00CC80C3 /* f9_live.xml */; };
		8B6D5AA82031B5F000CC80C3 /* f9_half_time.xml in Resources */ = {isa = PBXBuildFile; fileRef = 8B6D5AA42031B5F000CC80C3 /* f9_half_time.xml */; };
		8B6EE26E203C770D00295B75 /* F26Spec.swift in Sources */ = {isa = PBXBuildFile; fileRef = 8B6EE26D203C770D00295B75 /* F26Spec.swift */; };
		8B6EE271203C77CC00295B75 /* f26.xml in Resources */ = {isa = PBXBuildFile; fileRef = 8B6EE270203C77CC00295B75 /* f26.xml */; };
		AAB2BD5D201235DF00C82869 /* F15Spec.swift in Sources */ = {isa = PBXBuildFile; fileRef = AAB2BD5C201235DF00C82869 /* F15Spec.swift */; };
		AADF73E72021C98F003985AE /* AppDelegate.swift in Sources */ = {isa = PBXBuildFile; fileRef = AADF73E62021C98F003985AE /* AppDelegate.swift */; };
		AADF73EE2021C98F003985AE /* Assets.xcassets in Resources */ = {isa = PBXBuildFile; fileRef = AADF73ED2021C98F003985AE /* Assets.xcassets */; };
		AADF73F12021C98F003985AE /* LaunchScreen.storyboard in Resources */ = {isa = PBXBuildFile; fileRef = AADF73EF2021C98F003985AE /* LaunchScreen.storyboard */; };
/* End PBXBuildFile section */

/* Begin PBXContainerItemProxy section */
		AADF73F62021C9A7003985AE /* PBXContainerItemProxy */ = {
			isa = PBXContainerItemProxy;
			containerPortal = B59E9B9C1EC361C1002018AE /* Project object */;
			proxyType = 1;
			remoteGlobalIDString = AADF73E32021C98E003985AE;
			remoteInfo = HostApplication;
		};
/* End PBXContainerItemProxy section */

/* Begin PBXFileReference section */
		066A0114CDF0BE98AE176647 /* Pods-Tests-macOSTests.release.xcconfig */ = {isa = PBXFileReference; includeInIndex = 1; lastKnownFileType = text.xcconfig; name = "Pods-Tests-macOSTests.release.xcconfig"; path = "Pods/Target Support Files/Pods-Tests-macOSTests/Pods-Tests-macOSTests.release.xcconfig"; sourceTree = "<group>"; };
		0BC17A57F7A1793CA66C559C /* Pods-Tests-iOSTests.release.xcconfig */ = {isa = PBXFileReference; includeInIndex = 1; lastKnownFileType = text.xcconfig; name = "Pods-Tests-iOSTests.release.xcconfig"; path = "Pods/Target Support Files/Pods-Tests-iOSTests/Pods-Tests-iOSTests.release.xcconfig"; sourceTree = "<group>"; };
		14B30AA46129A6E0CA108E30 /* Pods-Tests-iOSTests.debug.xcconfig */ = {isa = PBXFileReference; includeInIndex = 1; lastKnownFileType = text.xcconfig; name = "Pods-Tests-iOSTests.debug.xcconfig"; path = "Pods/Target Support Files/Pods-Tests-iOSTests/Pods-Tests-iOSTests.debug.xcconfig"; sourceTree = "<group>"; };
		557BF3CDC1B1F8F2B0FB4BC5 /* Pods-Tests-macOSTests.debug.xcconfig */ = {isa = PBXFileReference; includeInIndex = 1; lastKnownFileType = text.xcconfig; name = "Pods-Tests-macOSTests.debug.xcconfig"; path = "Pods/Target Support Files/Pods-Tests-macOSTests/Pods-Tests-macOSTests.debug.xcconfig"; sourceTree = "<group>"; };
		6846319295E4D85871077BB9 /* Pods_Tests_macOSTests.framework */ = {isa = PBXFileReference; explicitFileType = wrapper.framework; includeInIndex = 0; path = Pods_Tests_macOSTests.framework; sourceTree = BUILT_PRODUCTS_DIR; };
		86CE36D82B2098D9513F9E0C /* Pods-Tests-tvOSTests.release.xcconfig */ = {isa = PBXFileReference; includeInIndex = 1; lastKnownFileType = text.xcconfig; name = "Pods-Tests-tvOSTests.release.xcconfig"; path = "Pods/Target Support Files/Pods-Tests-tvOSTests/Pods-Tests-tvOSTests.release.xcconfig"; sourceTree = "<group>"; };
		8B367CBD2024AF0E00D4CE9D /* F1Spec.swift */ = {isa = PBXFileReference; lastKnownFileType = sourcecode.swift; path = F1Spec.swift; sourceTree = "<group>"; };
		8B367CC02024B06B00D4CE9D /* BaseSpec.swift */ = {isa = PBXFileReference; lastKnownFileType = sourcecode.swift; path = BaseSpec.swift; sourceTree = "<group>"; };
		8B367CC62024B37A00D4CE9D /* f1.xml */ = {isa = PBXFileReference; fileEncoding = 4; lastKnownFileType = text.xml; path = f1.xml; sourceTree = "<group>"; };
		8B367CCC2024B3A800D4CE9D /* f15.xml */ = {isa = PBXFileReference; fileEncoding = 4; lastKnownFileType = text.xml; path = f15.xml; sourceTree = "<group>"; };
		8B367CCD2024B3A800D4CE9D /* f15.json */ = {isa = PBXFileReference; fileEncoding = 4; lastKnownFileType = text.json; path = f15.json; sourceTree = "<group>"; };
		8B64F14320286B6E00E087D8 /* f1_cup.xml */ = {isa = PBXFileReference; fileEncoding = 4; lastKnownFileType = text.xml; path = f1_cup.xml; sourceTree = "<group>"; };
		8B64F14420286B6E00E087D8 /* f1_cl.xml */ = {isa = PBXFileReference; fileEncoding = 4; lastKnownFileType = text.xml; path = f1_cl.xml; sourceTree = "<group>"; };
		8B6C6BEC203DD56C0012CC04 /* f26_live_extratime.xml */ = {isa = PBXFileReference; fileEncoding = 4; lastKnownFileType = text.xml; path = f26_live_extratime.xml; sourceTree = "<group>"; };
		8B6C6BF4203EC4D40012CC04 /* F3Spec.swift */ = {isa = PBXFileReference; lastKnownFileType = sourcecode.swift; path = F3Spec.swift; sourceTree = "<group>"; };
		8B6C6BF7203EF73A0012CC04 /* f3_cl.xml */ = {isa = PBXFileReference; fileEncoding = 4; lastKnownFileType = text.xml; path = f3_cl.xml; sourceTree = "<group>"; };
		8B6C6BF8203EF73A0012CC04 /* f3.xml */ = {isa = PBXFileReference; fileEncoding = 4; lastKnownFileType = text.xml; path = f3.xml; sourceTree = "<group>"; };
		8B6C6C0F20401BBD0012CC04 /* f3_qualification.xml */ = {isa = PBXFileReference; fileEncoding = 4; lastKnownFileType = text.xml; path = f3_qualification.xml; sourceTree = "<group>"; };
		8B6D5A8A202DCA4100CC80C3 /* F9Spec.swift */ = {isa = PBXFileReference; lastKnownFileType = sourcecode.swift; path = F9Spec.swift; sourceTree = "<group>"; };
		8B6D5A97202DE06200CC80C3 /* f9_post.xml */ = {isa = PBXFileReference; fileEncoding = 4; lastKnownFileType = text.xml; path = f9_post.xml; sourceTree = "<group>"; };
		8B6D5AA12031B5EF00CC80C3 /* f9_lineup.xml */ = {isa = PBXFileReference; fileEncoding = 4; lastKnownFileType = text.xml; path = f9_lineup.xml; sourceTree = "<group>"; };
		8B6D5AA22031B5EF00CC80C3 /* f9_first_half.xml */ = {isa = PBXFileReference; fileEncoding = 4; lastKnownFileType = text.xml; path = f9_first_half.xml; sourceTree = "<group>"; };
		8B6D5AA32031B5EF00CC80C3 /* f9_live.xml */ = {isa = PBXFileReference; fileEncoding = 4; lastKnownFileType = text.xml; path = f9_live.xml; sourceTree = "<group>"; };
		8B6D5AA42031B5F000CC80C3 /* f9_half_time.xml */ = {isa = PBXFileReference; fileEncoding = 4; lastKnownFileType = text.xml; path = f9_half_time.xml; sourceTree = "<group>"; };
		8B6EE26D203C770D00295B75 /* F26Spec.swift */ = {isa = PBXFileReference; lastKnownFileType = sourcecode.swift; path = F26Spec.swift; sourceTree = "<group>"; };
		8B6EE270203C77CC00295B75 /* f26.xml */ = {isa = PBXFileReference; fileEncoding = 4; lastKnownFileType = text.xml; path = f26.xml; sourceTree = "<group>"; };
		8FB7BAD075C9AF5EB215D3BC /* Pods-Tests-tvOSTests.debug.xcconfig */ = {isa = PBXFileReference; includeInIndex = 1; lastKnownFileType = text.xcconfig; name = "Pods-Tests-tvOSTests.debug.xcconfig"; path = "Pods/Target Support Files/Pods-Tests-tvOSTests/Pods-Tests-tvOSTests.debug.xcconfig"; sourceTree = "<group>"; };
		9632BBA3EEFC5F2F3D3ECF19 /* Pods_Tests_tvOSTests.framework */ = {isa = PBXFileReference; explicitFileType = wrapper.framework; includeInIndex = 0; path = Pods_Tests_tvOSTests.framework; sourceTree = BUILT_PRODUCTS_DIR; };
		AAB2BD5C201235DF00C82869 /* F15Spec.swift */ = {isa = PBXFileReference; lastKnownFileType = sourcecode.swift; path = F15Spec.swift; sourceTree = "<group>"; };
		AADF73E42021C98E003985AE /* HostApplication.app */ = {isa = PBXFileReference; explicitFileType = wrapper.application; includeInIndex = 0; path = HostApplication.app; sourceTree = BUILT_PRODUCTS_DIR; };
		AADF73E62021C98F003985AE /* AppDelegate.swift */ = {isa = PBXFileReference; lastKnownFileType = sourcecode.swift; path = AppDelegate.swift; sourceTree = "<group>"; };
		AADF73ED2021C98F003985AE /* Assets.xcassets */ = {isa = PBXFileReference; lastKnownFileType = folder.assetcatalog; path = Assets.xcassets; sourceTree = "<group>"; };
		AADF73F02021C98F003985AE /* Base */ = {isa = PBXFileReference; lastKnownFileType = file.storyboard; name = Base; path = Base.lproj/LaunchScreen.storyboard; sourceTree = "<group>"; };
		AADF73F22021C98F003985AE /* Info.plist */ = {isa = PBXFileReference; lastKnownFileType = text.plist.xml; path = Info.plist; sourceTree = "<group>"; };
		B56E8B8C1F16615600D5F227 /* tvOSTests.xctest */ = {isa = PBXFileReference; explicitFileType = wrapper.cfbundle; includeInIndex = 0; path = tvOSTests.xctest; sourceTree = BUILT_PRODUCTS_DIR; };
		B56E8B901F16615600D5F227 /* Info.plist */ = {isa = PBXFileReference; lastKnownFileType = text.plist.xml; path = Info.plist; sourceTree = "<group>"; };
		B59E9BA61EC361EC002018AE /* iOSTests.xctest */ = {isa = PBXFileReference; explicitFileType = wrapper.cfbundle; includeInIndex = 0; path = iOSTests.xctest; sourceTree = BUILT_PRODUCTS_DIR; };
		B59E9BAB1EC361EC002018AE /* Info.plist */ = {isa = PBXFileReference; lastKnownFileType = text.plist.xml; path = Info.plist; sourceTree = "<group>"; };
		B5D49AFB1F16981800FD2889 /* Info.plist */ = {isa = PBXFileReference; lastKnownFileType = text.plist.xml; path = Info.plist; sourceTree = "<group>"; };
		CECD4C2682324E936658247B /* Pods_Tests_iOSTests.framework */ = {isa = PBXFileReference; explicitFileType = wrapper.framework; includeInIndex = 0; path = Pods_Tests_iOSTests.framework; sourceTree = BUILT_PRODUCTS_DIR; };
/* End PBXFileReference section */

/* Begin PBXFrameworksBuildPhase section */
		AADF73E12021C98E003985AE /* Frameworks */ = {
			isa = PBXFrameworksBuildPhase;
			buildActionMask = 2147483647;
			files = (
			);
			runOnlyForDeploymentPostprocessing = 0;
		};
		B56E8B891F16615600D5F227 /* Frameworks */ = {
			isa = PBXFrameworksBuildPhase;
			buildActionMask = 2147483647;
			files = (
				4558D11918401AB38E8E1786 /* Pods_Tests_tvOSTests.framework in Frameworks */,
			);
			runOnlyForDeploymentPostprocessing = 0;
		};
		B59E9BA31EC361EC002018AE /* Frameworks */ = {
			isa = PBXFrameworksBuildPhase;
			buildActionMask = 2147483647;
			files = (
				3AB8BBCC7D6B3A63F74773DE /* Pods_Tests_iOSTests.framework in Frameworks */,
			);
			runOnlyForDeploymentPostprocessing = 0;
		};
/* End PBXFrameworksBuildPhase section */

/* Begin PBXGroup section */
		8B367CC32024B37A00D4CE9D /* Resources */ = {
			isa = PBXGroup;
			children = (
				8B367CC52024B37A00D4CE9D /* F1 */,
				8B6C6BF6203EF73A0012CC04 /* F3 */,
				8B6D5A96202DE06200CC80C3 /* F9 */,
				8B367CC42024B37A00D4CE9D /* F15 */,
				8B6EE26F203C77A800295B75 /* F26 */,
			);
			path = Resources;
			sourceTree = "<group>";
		};
		8B367CC42024B37A00D4CE9D /* F15 */ = {
			isa = PBXGroup;
			children = (
				8B367CCD2024B3A800D4CE9D /* f15.json */,
				8B367CCC2024B3A800D4CE9D /* f15.xml */,
			);
			path = F15;
			sourceTree = "<group>";
		};
		8B367CC52024B37A00D4CE9D /* F1 */ = {
			isa = PBXGroup;
			children = (
				8B64F14420286B6E00E087D8 /* f1_cl.xml */,
				8B64F14320286B6E00E087D8 /* f1_cup.xml */,
				8B367CC62024B37A00D4CE9D /* f1.xml */,
			);
			path = F1;
			sourceTree = "<group>";
		};
		8B6C6BF6203EF73A0012CC04 /* F3 */ = {
			isa = PBXGroup;
			children = (
				8B6C6C0F20401BBD0012CC04 /* f3_qualification.xml */,
				8B6C6BF7203EF73A0012CC04 /* f3_cl.xml */,
				8B6C6BF8203EF73A0012CC04 /* f3.xml */,
			);
			path = F3;
			sourceTree = "<group>";
		};
		8B6D5A96202DE06200CC80C3 /* F9 */ = {
			isa = PBXGroup;
			children = (
				8B6D5AA22031B5EF00CC80C3 /* f9_first_half.xml */,
				8B6D5AA42031B5F000CC80C3 /* f9_half_time.xml */,
				8B6D5AA12031B5EF00CC80C3 /* f9_lineup.xml */,
				8B6D5AA32031B5EF00CC80C3 /* f9_live.xml */,
				8B6D5A97202DE06200CC80C3 /* f9_post.xml */,
			);
			path = F9;
			sourceTree = "<group>";
		};
		8B6EE26F203C77A800295B75 /* F26 */ = {
			isa = PBXGroup;
			children = (
				8B6C6BEC203DD56C0012CC04 /* f26_live_extratime.xml */,
				8B6EE270203C77CC00295B75 /* f26.xml */,
			);
			path = F26;
			sourceTree = "<group>";
		};
		900B1227D5B909619DD28006 /* Pods */ = {
			isa = PBXGroup;
			children = (
				14B30AA46129A6E0CA108E30 /* Pods-Tests-iOSTests.debug.xcconfig */,
				0BC17A57F7A1793CA66C559C /* Pods-Tests-iOSTests.release.xcconfig */,
				8FB7BAD075C9AF5EB215D3BC /* Pods-Tests-tvOSTests.debug.xcconfig */,
				86CE36D82B2098D9513F9E0C /* Pods-Tests-tvOSTests.release.xcconfig */,
				557BF3CDC1B1F8F2B0FB4BC5 /* Pods-Tests-macOSTests.debug.xcconfig */,
				066A0114CDF0BE98AE176647 /* Pods-Tests-macOSTests.release.xcconfig */,
			);
			name = Pods;
			sourceTree = "<group>";
		};
		92C97BAB6AB21C884702491A /* Frameworks */ = {
			isa = PBXGroup;
			children = (
				CECD4C2682324E936658247B /* Pods_Tests_iOSTests.framework */,
				9632BBA3EEFC5F2F3D3ECF19 /* Pods_Tests_tvOSTests.framework */,
				6846319295E4D85871077BB9 /* Pods_Tests_macOSTests.framework */,
			);
			name = Frameworks;
			sourceTree = "<group>";
		};
		AADF73E52021C98F003985AE /* HostApplication */ = {
			isa = PBXGroup;
			children = (
				AADF73E62021C98F003985AE /* AppDelegate.swift */,
				AADF73ED2021C98F003985AE /* Assets.xcassets */,
				AADF73EF2021C98F003985AE /* LaunchScreen.storyboard */,
				AADF73F22021C98F003985AE /* Info.plist */,
			);
			path = HostApplication;
			sourceTree = "<group>";
		};
		B56E8B8D1F16615600D5F227 /* tvOSTests */ = {
			isa = PBXGroup;
			children = (
				B56E8B901F16615600D5F227 /* Info.plist */,
			);
			path = tvOSTests;
			sourceTree = "<group>";
		};
		B59E9B9B1EC361C1002018AE = {
			isa = PBXGroup;
			children = (
				92C97BAB6AB21C884702491A /* Frameworks */,
				AADF73E52021C98F003985AE /* HostApplication */,
				B59E9BA81EC361EC002018AE /* iOSTests */,
				B5D49AF81F16981800FD2889 /* macOSTests */,
				900B1227D5B909619DD28006 /* Pods */,
				B59E9BA71EC361EC002018AE /* Products */,
				8B367CC32024B37A00D4CE9D /* Resources */,
				B5E72C8C1F72C3D400F63067 /* Specs */,
				B56E8B8D1F16615600D5F227 /* tvOSTests */,
			);
			sourceTree = "<group>";
		};
		B59E9BA71EC361EC002018AE /* Products */ = {
			isa = PBXGroup;
			children = (
				B59E9BA61EC361EC002018AE /* iOSTests.xctest */,
				B56E8B8C1F16615600D5F227 /* tvOSTests.xctest */,
				AADF73E42021C98E003985AE /* HostApplication.app */,
			);
			name = Products;
			sourceTree = "<group>";
		};
		B59E9BA81EC361EC002018AE /* iOSTests */ = {
			isa = PBXGroup;
			children = (
				B59E9BAB1EC361EC002018AE /* Info.plist */,
			);
			path = iOSTests;
			sourceTree = "<group>";
		};
		B5D49AF81F16981800FD2889 /* macOSTests */ = {
			isa = PBXGroup;
			children = (
				B5D49AFB1F16981800FD2889 /* Info.plist */,
			);
			path = macOSTests;
			sourceTree = "<group>";
		};
		B5E72C8C1F72C3D400F63067 /* Specs */ = {
			isa = PBXGroup;
			children = (
				8B367CC02024B06B00D4CE9D /* BaseSpec.swift */,
				8B367CBD2024AF0E00D4CE9D /* F1Spec.swift */,
				8B6C6BF4203EC4D40012CC04 /* F3Spec.swift */,
				8B6D5A8A202DCA4100CC80C3 /* F9Spec.swift */,
				AAB2BD5C201235DF00C82869 /* F15Spec.swift */,
				8B6EE26D203C770D00295B75 /* F26Spec.swift */,
			);
			path = Specs;
			sourceTree = "<group>";
		};
/* End PBXGroup section */

/* Begin PBXNativeTarget section */
		AADF73E32021C98E003985AE /* HostApplication */ = {
			isa = PBXNativeTarget;
			buildConfigurationList = AADF73F52021C98F003985AE /* Build configuration list for PBXNativeTarget "HostApplication" */;
			buildPhases = (
				AADF73E02021C98E003985AE /* Sources */,
				AADF73E12021C98E003985AE /* Frameworks */,
				AADF73E22021C98E003985AE /* Resources */,
			);
			buildRules = (
			);
			dependencies = (
			);
			name = HostApplication;
			productName = HostApplication;
			productReference = AADF73E42021C98E003985AE /* HostApplication.app */;
			productType = "com.apple.product-type.application";
		};
		B56E8B8B1F16615600D5F227 /* tvOSTests */ = {
			isa = PBXNativeTarget;
			buildConfigurationList = B56E8B931F16615600D5F227 /* Build configuration list for PBXNativeTarget "tvOSTests" */;
			buildPhases = (
				7D0C610B8D676EBFCD757806 /* [CP] Check Pods Manifest.lock */,
				B56E8BA31F16658A00D5F227 /* SwiftLint */,
				B56E8B881F16615600D5F227 /* Sources */,
				B56E8B891F16615600D5F227 /* Frameworks */,
				B56E8B8A1F16615600D5F227 /* Resources */,
				004DF2AEC334D7E73E9AFDE8 /* [CP] Embed Pods Frameworks */,
				008FFD74FF8CC3BC1F4E208A /* [CP] Copy Pods Resources */,
			);
			buildRules = (
			);
			dependencies = (
			);
			name = tvOSTests;
			productName = tvOSTests;
			productReference = B56E8B8C1F16615600D5F227 /* tvOSTests.xctest */;
			productType = "com.apple.product-type.bundle.unit-test";
		};
		B59E9BA51EC361EC002018AE /* iOSTests */ = {
			isa = PBXNativeTarget;
			buildConfigurationList = B59E9BAC1EC361EC002018AE /* Build configuration list for PBXNativeTarget "iOSTests" */;
			buildPhases = (
				1EDF1805CBA33BC937AEBF6A /* [CP] Check Pods Manifest.lock */,
				B56E8BA21F16655700D5F227 /* SwiftLint */,
				B59E9BA21EC361EC002018AE /* Sources */,
				B59E9BA31EC361EC002018AE /* Frameworks */,
				B59E9BA41EC361EC002018AE /* Resources */,
				AE426B3738C8381B065A7BA5 /* [CP] Embed Pods Frameworks */,
				C58F03A580985F4215786555 /* [CP] Copy Pods Resources */,
			);
			buildRules = (
			);
			dependencies = (
				AADF73F72021C9A7003985AE /* PBXTargetDependency */,
			);
			name = iOSTests;
			productName = Tests;
			productReference = B59E9BA61EC361EC002018AE /* iOSTests.xctest */;
			productType = "com.apple.product-type.bundle.unit-test";
		};
/* End PBXNativeTarget section */

/* Begin PBXProject section */
		B59E9B9C1EC361C1002018AE /* Project object */ = {
			isa = PBXProject;
			attributes = {
				LastSwiftUpdateCheck = 0920;
				LastUpgradeCheck = 0830;
				TargetAttributes = {
					AADF73E32021C98E003985AE = {
						CreatedOnToolsVersion = 9.2;
						DevelopmentTeam = JPS45PPV79;
						ProvisioningStyle = Automatic;
					};
					B56E8B8B1F16615600D5F227 = {
						CreatedOnToolsVersion = 8.3.3;
						ProvisioningStyle = Manual;
					};
					B59E9BA51EC361EC002018AE = {
						CreatedOnToolsVersion = 8.3.2;
						DevelopmentTeam = JPS45PPV79;
						LastSwiftMigration = 0830;
						ProvisioningStyle = Manual;
						TestTargetID = AADF73E32021C98E003985AE;
					};
				};
			};
			buildConfigurationList = B59E9B9F1EC361C1002018AE /* Build configuration list for PBXProject "Tests" */;
			compatibilityVersion = "Xcode 3.2";
			developmentRegion = English;
			hasScannedForEncodings = 0;
			knownRegions = (
				en,
				Base,
			);
			mainGroup = B59E9B9B1EC361C1002018AE;
			productRefGroup = B59E9BA71EC361EC002018AE /* Products */;
			projectDirPath = "";
			projectRoot = "";
			targets = (
				AADF73E32021C98E003985AE /* HostApplication */,
				B59E9BA51EC361EC002018AE /* iOSTests */,
				B56E8B8B1F16615600D5F227 /* tvOSTests */,
			);
		};
/* End PBXProject section */

/* Begin PBXResourcesBuildPhase section */
		AADF73E22021C98E003985AE /* Resources */ = {
			isa = PBXResourcesBuildPhase;
			buildActionMask = 2147483647;
			files = (
				AADF73F12021C98F003985AE /* LaunchScreen.storyboard in Resources */,
				8B367CC82024B37B00D4CE9D /* f1.xml in Resources */,
				8B367CD02024B3A800D4CE9D /* f15.json in Resources */,
				8B367CCE2024B3A800D4CE9D /* f15.xml in Resources */,
				AADF73EE2021C98F003985AE /* Assets.xcassets in Resources */,
			);
			runOnlyForDeploymentPostprocessing = 0;
		};
		B56E8B8A1F16615600D5F227 /* Resources */ = {
			isa = PBXResourcesBuildPhase;
			buildActionMask = 2147483647;
			files = (
			);
			runOnlyForDeploymentPostprocessing = 0;
		};
		B59E9BA41EC361EC002018AE /* Resources */ = {
			isa = PBXResourcesBuildPhase;
			buildActionMask = 2147483647;
			files = (
				8B6D5AA72031B5F000CC80C3 /* f9_live.xml in Resources */,
				8B6D5AA62031B5F000CC80C3 /* f9_first_half.xml in Resources */,
				8B6EE271203C77CC00295B75 /* f26.xml in Resources */,
				8B6D5A98202DE06200CC80C3 /* f9_post.xml in Resources */,
				8B6C6BED203DD56D0012CC04 /* f26_live_extratime.xml in Resources */,
				8B367CD12024B3A800D4CE9D /* f15.json in Resources */,
				8B6D5AA82031B5F000CC80C3 /* f9_half_time.xml in Resources */,
				8B367CCF2024B3A800D4CE9D /* f15.xml in Resources */,
				8B367CC92024B37B00D4CE9D /* f1.xml in Resources */,
				8B64F14720286B6F00E087D8 /* f1_cup.xml in Resources */,
				8B6C6BFA203EF73A0012CC04 /* f3.xml in Resources */,
				8B6C6C1020401BBD0012CC04 /* f3_qualification.xml in Resources */,
				8B6D5AA52031B5F000CC80C3 /* f9_lineup.xml in Resources */,
				8B64F14820286B6F00E087D8 /* f1_cl.xml in Resources */,
				8B6C6BF9203EF73A0012CC04 /* f3_cl.xml in Resources */,
			);
			runOnlyForDeploymentPostprocessing = 0;
		};
/* End PBXResourcesBuildPhase section */

/* Begin PBXShellScriptBuildPhase section */
		004DF2AEC334D7E73E9AFDE8 /* [CP] Embed Pods Frameworks */ = {
			isa = PBXShellScriptBuildPhase;
			buildActionMask = 2147483647;
			files = (
			);
			inputPaths = (
				"${SRCROOT}/Pods/Target Support Files/Pods-Tests-tvOSTests/Pods-Tests-tvOSTests-frameworks.sh",
				"${BUILT_PRODUCTS_DIR}/FormatterKit-tvOS/FormatterKit.framework",
				"${BUILT_PRODUCTS_DIR}/Fuzi-tvOS/Fuzi.framework",
				"${BUILT_PRODUCTS_DIR}/Gnomon-tvOS/Gnomon.framework",
				"${BUILT_PRODUCTS_DIR}/Nimble-tvOS/Nimble.framework",
				"${BUILT_PRODUCTS_DIR}/RxBlocking-tvOS/RxBlocking.framework",
				"${BUILT_PRODUCTS_DIR}/RxSwift-tvOS/RxSwift.framework",
				"${BUILT_PRODUCTS_DIR}/Sextant-tvOS/Sextant.framework",
				"${BUILT_PRODUCTS_DIR}/SignatureInterceptor-tvOS/SignatureInterceptor.framework",
			);
			name = "[CP] Embed Pods Frameworks";
			outputPaths = (
				"${TARGET_BUILD_DIR}/${FRAMEWORKS_FOLDER_PATH}/FormatterKit.framework",
				"${TARGET_BUILD_DIR}/${FRAMEWORKS_FOLDER_PATH}/Fuzi.framework",
				"${TARGET_BUILD_DIR}/${FRAMEWORKS_FOLDER_PATH}/Gnomon.framework",
				"${TARGET_BUILD_DIR}/${FRAMEWORKS_FOLDER_PATH}/Nimble.framework",
				"${TARGET_BUILD_DIR}/${FRAMEWORKS_FOLDER_PATH}/RxBlocking.framework",
				"${TARGET_BUILD_DIR}/${FRAMEWORKS_FOLDER_PATH}/RxSwift.framework",
				"${TARGET_BUILD_DIR}/${FRAMEWORKS_FOLDER_PATH}/Sextant.framework",
				"${TARGET_BUILD_DIR}/${FRAMEWORKS_FOLDER_PATH}/SignatureInterceptor.framework",
			);
			runOnlyForDeploymentPostprocessing = 0;
			shellPath = /bin/sh;
			shellScript = "\"${SRCROOT}/Pods/Target Support Files/Pods-Tests-tvOSTests/Pods-Tests-tvOSTests-frameworks.sh\"\n";
			showEnvVarsInLog = 0;
		};
		008FFD74FF8CC3BC1F4E208A /* [CP] Copy Pods Resources */ = {
			isa = PBXShellScriptBuildPhase;
			buildActionMask = 2147483647;
			files = (
			);
			inputPaths = (
			);
			name = "[CP] Copy Pods Resources";
			outputPaths = (
			);
			runOnlyForDeploymentPostprocessing = 0;
			shellPath = /bin/sh;
			shellScript = "\"${SRCROOT}/Pods/Target Support Files/Pods-Tests-tvOSTests/Pods-Tests-tvOSTests-resources.sh\"\n";
			showEnvVarsInLog = 0;
		};
		1EDF1805CBA33BC937AEBF6A /* [CP] Check Pods Manifest.lock */ = {
			isa = PBXShellScriptBuildPhase;
			buildActionMask = 2147483647;
			files = (
			);
			inputPaths = (
				"${PODS_PODFILE_DIR_PATH}/Podfile.lock",
				"${PODS_ROOT}/Manifest.lock",
			);
			name = "[CP] Check Pods Manifest.lock";
			outputPaths = (
				"$(DERIVED_FILE_DIR)/Pods-Tests-iOSTests-checkManifestLockResult.txt",
			);
			runOnlyForDeploymentPostprocessing = 0;
			shellPath = /bin/sh;
			shellScript = "diff \"${PODS_PODFILE_DIR_PATH}/Podfile.lock\" \"${PODS_ROOT}/Manifest.lock\" > /dev/null\nif [ $? != 0 ] ; then\n    # print error to STDERR\n    echo \"error: The sandbox is not in sync with the Podfile.lock. Run 'pod install' or update your CocoaPods installation.\" >&2\n    exit 1\nfi\n# This output is used by Xcode 'outputs' to avoid re-running this script phase.\necho \"SUCCESS\" > \"${SCRIPT_OUTPUT_FILE_0}\"\n";
			showEnvVarsInLog = 0;
		};
		7D0C610B8D676EBFCD757806 /* [CP] Check Pods Manifest.lock */ = {
			isa = PBXShellScriptBuildPhase;
			buildActionMask = 2147483647;
			files = (
			);
			inputPaths = (
				"${PODS_PODFILE_DIR_PATH}/Podfile.lock",
				"${PODS_ROOT}/Manifest.lock",
			);
			name = "[CP] Check Pods Manifest.lock";
			outputPaths = (
				"$(DERIVED_FILE_DIR)/Pods-Tests-tvOSTests-checkManifestLockResult.txt",
			);
			runOnlyForDeploymentPostprocessing = 0;
			shellPath = /bin/sh;
			shellScript = "diff \"${PODS_PODFILE_DIR_PATH}/Podfile.lock\" \"${PODS_ROOT}/Manifest.lock\" > /dev/null\nif [ $? != 0 ] ; then\n    # print error to STDERR\n    echo \"error: The sandbox is not in sync with the Podfile.lock. Run 'pod install' or update your CocoaPods installation.\" >&2\n    exit 1\nfi\n# This output is used by Xcode 'outputs' to avoid re-running this script phase.\necho \"SUCCESS\" > \"${SCRIPT_OUTPUT_FILE_0}\"\n";
			showEnvVarsInLog = 0;
		};
		AE426B3738C8381B065A7BA5 /* [CP] Embed Pods Frameworks */ = {
			isa = PBXShellScriptBuildPhase;
			buildActionMask = 2147483647;
			files = (
			);
			inputPaths = (
				"${SRCROOT}/Pods/Target Support Files/Pods-Tests-iOSTests/Pods-Tests-iOSTests-frameworks.sh",
				"${BUILT_PRODUCTS_DIR}/FormatterKit-iOS/FormatterKit.framework",
				"${BUILT_PRODUCTS_DIR}/Fuzi-iOS/Fuzi.framework",
				"${BUILT_PRODUCTS_DIR}/Gnomon-iOS/Gnomon.framework",
				"${BUILT_PRODUCTS_DIR}/Nimble-iOS/Nimble.framework",
				"${BUILT_PRODUCTS_DIR}/RxBlocking-iOS/RxBlocking.framework",
				"${BUILT_PRODUCTS_DIR}/RxSwift-iOS/RxSwift.framework",
				"${BUILT_PRODUCTS_DIR}/Sextant-iOS/Sextant.framework",
				"${BUILT_PRODUCTS_DIR}/SignatureInterceptor-iOS/SignatureInterceptor.framework",
			);
			name = "[CP] Embed Pods Frameworks";
			outputPaths = (
				"${TARGET_BUILD_DIR}/${FRAMEWORKS_FOLDER_PATH}/FormatterKit.framework",
				"${TARGET_BUILD_DIR}/${FRAMEWORKS_FOLDER_PATH}/Fuzi.framework",
				"${TARGET_BUILD_DIR}/${FRAMEWORKS_FOLDER_PATH}/Gnomon.framework",
				"${TARGET_BUILD_DIR}/${FRAMEWORKS_FOLDER_PATH}/Nimble.framework",
				"${TARGET_BUILD_DIR}/${FRAMEWORKS_FOLDER_PATH}/RxBlocking.framework",
				"${TARGET_BUILD_DIR}/${FRAMEWORKS_FOLDER_PATH}/RxSwift.framework",
				"${TARGET_BUILD_DIR}/${FRAMEWORKS_FOLDER_PATH}/Sextant.framework",
				"${TARGET_BUILD_DIR}/${FRAMEWORKS_FOLDER_PATH}/SignatureInterceptor.framework",
			);
			runOnlyForDeploymentPostprocessing = 0;
			shellPath = /bin/sh;
			shellScript = "\"${SRCROOT}/Pods/Target Support Files/Pods-Tests-iOSTests/Pods-Tests-iOSTests-frameworks.sh\"\n";
			showEnvVarsInLog = 0;
		};
		B56E8BA21F16655700D5F227 /* SwiftLint */ = {
			isa = PBXShellScriptBuildPhase;
			buildActionMask = 2147483647;
			files = (
			);
			inputPaths = (
			);
			name = SwiftLint;
			outputPaths = (
			);
			runOnlyForDeploymentPostprocessing = 0;
			shellPath = /bin/sh;
			shellScript = ./Pods/SwiftLint/swiftlint;
		};
		B56E8BA31F16658A00D5F227 /* SwiftLint */ = {
			isa = PBXShellScriptBuildPhase;
			buildActionMask = 2147483647;
			files = (
			);
			inputPaths = (
			);
			name = SwiftLint;
			outputPaths = (
			);
			runOnlyForDeploymentPostprocessing = 0;
			shellPath = /bin/sh;
			shellScript = ./Pods/SwiftLint/swiftlint;
		};
		C58F03A580985F4215786555 /* [CP] Copy Pods Resources */ = {
			isa = PBXShellScriptBuildPhase;
			buildActionMask = 2147483647;
			files = (
			);
			inputPaths = (
			);
			name = "[CP] Copy Pods Resources";
			outputPaths = (
			);
			runOnlyForDeploymentPostprocessing = 0;
			shellPath = /bin/sh;
			shellScript = "\"${SRCROOT}/Pods/Target Support Files/Pods-Tests-iOSTests/Pods-Tests-iOSTests-resources.sh\"\n";
			showEnvVarsInLog = 0;
		};
/* End PBXShellScriptBuildPhase section */

/* Begin PBXSourcesBuildPhase section */
		AADF73E02021C98E003985AE /* Sources */ = {
			isa = PBXSourcesBuildPhase;
			buildActionMask = 2147483647;
			files = (
				AADF73E72021C98F003985AE /* AppDelegate.swift in Sources */,
			);
			runOnlyForDeploymentPostprocessing = 0;
		};
		B56E8B881F16615600D5F227 /* Sources */ = {
			isa = PBXSourcesBuildPhase;
			buildActionMask = 2147483647;
			files = (
			);
			runOnlyForDeploymentPostprocessing = 0;
		};
		B59E9BA21EC361EC002018AE /* Sources */ = {
			isa = PBXSourcesBuildPhase;
			buildActionMask = 2147483647;
			files = (
				AAB2BD5D201235DF00C82869 /* F15Spec.swift in Sources */,
				8B6D5A8B202DCA4100CC80C3 /* F9Spec.swift in Sources */,
				8B367CC22024B08100D4CE9D /* BaseSpec.swift in Sources */,
				8B367CBF2024AF1100D4CE9D /* F1Spec.swift in Sources */,
				8B6EE26E203C770D00295B75 /* F26Spec.swift in Sources */,
				8B6C6BF5203EC4D40012CC04 /* F3Spec.swift in Sources */,
			);
			runOnlyForDeploymentPostprocessing = 0;
		};
/* End PBXSourcesBuildPhase section */

/* Begin PBXTargetDependency section */
		AADF73F72021C9A7003985AE /* PBXTargetDependency */ = {
			isa = PBXTargetDependency;
			target = AADF73E32021C98E003985AE /* HostApplication */;
			targetProxy = AADF73F62021C9A7003985AE /* PBXContainerItemProxy */;
		};
/* End PBXTargetDependency section */

/* Begin PBXVariantGroup section */
		AADF73EF2021C98F003985AE /* LaunchScreen.storyboard */ = {
			isa = PBXVariantGroup;
			children = (
				AADF73F02021C98F003985AE /* Base */,
			);
			name = LaunchScreen.storyboard;
			sourceTree = "<group>";
		};
/* End PBXVariantGroup section */

/* Begin XCBuildConfiguration section */
		AADF73F32021C98F003985AE /* Debug */ = {
			isa = XCBuildConfiguration;
			buildSettings = {
				ALWAYS_SEARCH_USER_PATHS = NO;
				ASSETCATALOG_COMPILER_APPICON_NAME = AppIcon;
				CLANG_ANALYZER_NONNULL = YES;
				CLANG_ANALYZER_NUMBER_OBJECT_CONVERSION = YES_AGGRESSIVE;
				CLANG_CXX_LANGUAGE_STANDARD = "gnu++14";
				CLANG_CXX_LIBRARY = "libc++";
				CLANG_ENABLE_MODULES = YES;
				CLANG_ENABLE_OBJC_ARC = YES;
				CLANG_WARN_BLOCK_CAPTURE_AUTORELEASING = YES;
				CLANG_WARN_BOOL_CONVERSION = YES;
				CLANG_WARN_COMMA = YES;
				CLANG_WARN_CONSTANT_CONVERSION = YES;
				CLANG_WARN_DIRECT_OBJC_ISA_USAGE = YES_ERROR;
				CLANG_WARN_DOCUMENTATION_COMMENTS = YES;
				CLANG_WARN_EMPTY_BODY = YES;
				CLANG_WARN_ENUM_CONVERSION = YES;
				CLANG_WARN_INFINITE_RECURSION = YES;
				CLANG_WARN_INT_CONVERSION = YES;
				CLANG_WARN_NON_LITERAL_NULL_CONVERSION = YES;
				CLANG_WARN_OBJC_LITERAL_CONVERSION = YES;
				CLANG_WARN_OBJC_ROOT_CLASS = YES_ERROR;
				CLANG_WARN_RANGE_LOOP_ANALYSIS = YES;
				CLANG_WARN_STRICT_PROTOTYPES = YES;
				CLANG_WARN_SUSPICIOUS_MOVE = YES;
				CLANG_WARN_UNGUARDED_AVAILABILITY = YES_AGGRESSIVE;
				CLANG_WARN_UNREACHABLE_CODE = YES;
				CLANG_WARN__DUPLICATE_METHOD_MATCH = YES;
				CODE_SIGN_IDENTITY = "iPhone Developer";
				CODE_SIGN_STYLE = Automatic;
				COPY_PHASE_STRIP = NO;
				DEBUG_INFORMATION_FORMAT = dwarf;
				DEVELOPMENT_TEAM = JPS45PPV79;
				ENABLE_STRICT_OBJC_MSGSEND = YES;
				ENABLE_TESTABILITY = YES;
				GCC_C_LANGUAGE_STANDARD = gnu11;
				GCC_DYNAMIC_NO_PIC = NO;
				GCC_NO_COMMON_BLOCKS = YES;
				GCC_OPTIMIZATION_LEVEL = 0;
				GCC_PREPROCESSOR_DEFINITIONS = (
					"DEBUG=1",
					"$(inherited)",
				);
				GCC_WARN_64_TO_32_BIT_CONVERSION = YES;
				GCC_WARN_ABOUT_RETURN_TYPE = YES_ERROR;
				GCC_WARN_UNDECLARED_SELECTOR = YES;
				GCC_WARN_UNINITIALIZED_AUTOS = YES_AGGRESSIVE;
				GCC_WARN_UNUSED_FUNCTION = YES;
				GCC_WARN_UNUSED_VARIABLE = YES;
				INFOPLIST_FILE = HostApplication/Info.plist;
				IPHONEOS_DEPLOYMENT_TARGET = 9;
				LD_RUNPATH_SEARCH_PATHS = "$(inherited) @executable_path/Frameworks";
				MTL_ENABLE_DEBUG_INFO = YES;
				ONLY_ACTIVE_ARCH = YES;
				PRODUCT_BUNDLE_IDENTIFIER = com.dev.psg;
				PRODUCT_NAME = "$(TARGET_NAME)";
				SDKROOT = iphoneos;
				SWIFT_ACTIVE_COMPILATION_CONDITIONS = DEBUG;
				SWIFT_OPTIMIZATION_LEVEL = "-Onone";
				SWIFT_VERSION = 4.0;
				TARGETED_DEVICE_FAMILY = "1,2";
			};
			name = Debug;
		};
		AADF73F42021C98F003985AE /* Release */ = {
			isa = XCBuildConfiguration;
			buildSettings = {
				ALWAYS_SEARCH_USER_PATHS = NO;
				ASSETCATALOG_COMPILER_APPICON_NAME = AppIcon;
				CLANG_ANALYZER_NONNULL = YES;
				CLANG_ANALYZER_NUMBER_OBJECT_CONVERSION = YES_AGGRESSIVE;
				CLANG_CXX_LANGUAGE_STANDARD = "gnu++14";
				CLANG_CXX_LIBRARY = "libc++";
				CLANG_ENABLE_MODULES = YES;
				CLANG_ENABLE_OBJC_ARC = YES;
				CLANG_WARN_BLOCK_CAPTURE_AUTORELEASING = YES;
				CLANG_WARN_BOOL_CONVERSION = YES;
				CLANG_WARN_COMMA = YES;
				CLANG_WARN_CONSTANT_CONVERSION = YES;
				CLANG_WARN_DIRECT_OBJC_ISA_USAGE = YES_ERROR;
				CLANG_WARN_DOCUMENTATION_COMMENTS = YES;
				CLANG_WARN_EMPTY_BODY = YES;
				CLANG_WARN_ENUM_CONVERSION = YES;
				CLANG_WARN_INFINITE_RECURSION = YES;
				CLANG_WARN_INT_CONVERSION = YES;
				CLANG_WARN_NON_LITERAL_NULL_CONVERSION = YES;
				CLANG_WARN_OBJC_LITERAL_CONVERSION = YES;
				CLANG_WARN_OBJC_ROOT_CLASS = YES_ERROR;
				CLANG_WARN_RANGE_LOOP_ANALYSIS = YES;
				CLANG_WARN_STRICT_PROTOTYPES = YES;
				CLANG_WARN_SUSPICIOUS_MOVE = YES;
				CLANG_WARN_UNGUARDED_AVAILABILITY = YES_AGGRESSIVE;
				CLANG_WARN_UNREACHABLE_CODE = YES;
				CLANG_WARN__DUPLICATE_METHOD_MATCH = YES;
				CODE_SIGN_IDENTITY = "iPhone Developer";
				CODE_SIGN_STYLE = Automatic;
				COPY_PHASE_STRIP = NO;
				DEBUG_INFORMATION_FORMAT = "dwarf-with-dsym";
				DEVELOPMENT_TEAM = JPS45PPV79;
				ENABLE_NS_ASSERTIONS = NO;
				ENABLE_STRICT_OBJC_MSGSEND = YES;
				GCC_C_LANGUAGE_STANDARD = gnu11;
				GCC_NO_COMMON_BLOCKS = YES;
				GCC_WARN_64_TO_32_BIT_CONVERSION = YES;
				GCC_WARN_ABOUT_RETURN_TYPE = YES_ERROR;
				GCC_WARN_UNDECLARED_SELECTOR = YES;
				GCC_WARN_UNINITIALIZED_AUTOS = YES_AGGRESSIVE;
				GCC_WARN_UNUSED_FUNCTION = YES;
				GCC_WARN_UNUSED_VARIABLE = YES;
				INFOPLIST_FILE = HostApplication/Info.plist;
				IPHONEOS_DEPLOYMENT_TARGET = 9;
				LD_RUNPATH_SEARCH_PATHS = "$(inherited) @executable_path/Frameworks";
				MTL_ENABLE_DEBUG_INFO = NO;
				PRODUCT_BUNDLE_IDENTIFIER = com.dev.psg;
				PRODUCT_NAME = "$(TARGET_NAME)";
				SDKROOT = iphoneos;
				SWIFT_OPTIMIZATION_LEVEL = "-Owholemodule";
				SWIFT_VERSION = 4.0;
				TARGETED_DEVICE_FAMILY = "1,2";
				VALIDATE_PRODUCT = YES;
			};
			name = Release;
		};
		B56E8B911F16615600D5F227 /* Debug */ = {
			isa = XCBuildConfiguration;
			baseConfigurationReference = 8FB7BAD075C9AF5EB215D3BC /* Pods-Tests-tvOSTests.debug.xcconfig */;
			buildSettings = {
				ALWAYS_SEARCH_USER_PATHS = NO;
				CLANG_ANALYZER_NONNULL = YES;
				CLANG_ANALYZER_NUMBER_OBJECT_CONVERSION = YES_AGGRESSIVE;
				CLANG_CXX_LANGUAGE_STANDARD = "gnu++0x";
				CLANG_CXX_LIBRARY = "libc++";
				CLANG_ENABLE_MODULES = YES;
				CLANG_ENABLE_OBJC_ARC = YES;
				CLANG_WARN_BOOL_CONVERSION = YES;
				CLANG_WARN_CONSTANT_CONVERSION = YES;
				CLANG_WARN_DIRECT_OBJC_ISA_USAGE = YES_ERROR;
				CLANG_WARN_DOCUMENTATION_COMMENTS = YES;
				CLANG_WARN_EMPTY_BODY = YES;
				CLANG_WARN_ENUM_CONVERSION = YES;
				CLANG_WARN_INFINITE_RECURSION = YES;
				CLANG_WARN_INT_CONVERSION = YES;
				CLANG_WARN_OBJC_ROOT_CLASS = YES_ERROR;
				CLANG_WARN_SUSPICIOUS_MOVE = YES;
				CLANG_WARN_UNREACHABLE_CODE = YES;
				CLANG_WARN__DUPLICATE_METHOD_MATCH = YES;
				COPY_PHASE_STRIP = NO;
				DEBUG_INFORMATION_FORMAT = dwarf;
				DEVELOPMENT_TEAM = "";
				ENABLE_STRICT_OBJC_MSGSEND = YES;
				ENABLE_TESTABILITY = YES;
				GCC_C_LANGUAGE_STANDARD = gnu99;
				GCC_DYNAMIC_NO_PIC = NO;
				GCC_NO_COMMON_BLOCKS = YES;
				GCC_OPTIMIZATION_LEVEL = 0;
				GCC_PREPROCESSOR_DEFINITIONS = (
					"DEBUG=1",
					"$(inherited)",
				);
				GCC_WARN_64_TO_32_BIT_CONVERSION = YES;
				GCC_WARN_ABOUT_RETURN_TYPE = YES_ERROR;
				GCC_WARN_UNDECLARED_SELECTOR = YES;
				GCC_WARN_UNINITIALIZED_AUTOS = YES_AGGRESSIVE;
				GCC_WARN_UNUSED_FUNCTION = YES;
				GCC_WARN_UNUSED_VARIABLE = YES;
				INFOPLIST_FILE = tvOSTests/Info.plist;
				LD_RUNPATH_SEARCH_PATHS = "$(inherited) @executable_path/Frameworks @loader_path/Frameworks";
				MTL_ENABLE_DEBUG_INFO = YES;
				ONLY_ACTIVE_ARCH = YES;
				PRODUCT_BUNDLE_IDENTIFIER = com.netcosports.tests.tvos;
				PRODUCT_NAME = "$(TARGET_NAME)";
				PROVISIONING_PROFILE_SPECIFIER = "";
				SDKROOT = appletvos;
				SWIFT_ACTIVE_COMPILATION_CONDITIONS = DEBUG;
				SWIFT_OBJC_BRIDGING_HEADER = "Bridging-Header.h";
				SWIFT_OPTIMIZATION_LEVEL = "-Onone";
				SWIFT_VERSION = 4.0;
				TVOS_DEPLOYMENT_TARGET = 10.0;
			};
			name = Debug;
		};
		B56E8B921F16615600D5F227 /* Release */ = {
			isa = XCBuildConfiguration;
			baseConfigurationReference = 86CE36D82B2098D9513F9E0C /* Pods-Tests-tvOSTests.release.xcconfig */;
			buildSettings = {
				ALWAYS_SEARCH_USER_PATHS = NO;
				CLANG_ANALYZER_NONNULL = YES;
				CLANG_ANALYZER_NUMBER_OBJECT_CONVERSION = YES_AGGRESSIVE;
				CLANG_CXX_LANGUAGE_STANDARD = "gnu++0x";
				CLANG_CXX_LIBRARY = "libc++";
				CLANG_ENABLE_MODULES = YES;
				CLANG_ENABLE_OBJC_ARC = YES;
				CLANG_WARN_BOOL_CONVERSION = YES;
				CLANG_WARN_CONSTANT_CONVERSION = YES;
				CLANG_WARN_DIRECT_OBJC_ISA_USAGE = YES_ERROR;
				CLANG_WARN_DOCUMENTATION_COMMENTS = YES;
				CLANG_WARN_EMPTY_BODY = YES;
				CLANG_WARN_ENUM_CONVERSION = YES;
				CLANG_WARN_INFINITE_RECURSION = YES;
				CLANG_WARN_INT_CONVERSION = YES;
				CLANG_WARN_OBJC_ROOT_CLASS = YES_ERROR;
				CLANG_WARN_SUSPICIOUS_MOVE = YES;
				CLANG_WARN_UNREACHABLE_CODE = YES;
				CLANG_WARN__DUPLICATE_METHOD_MATCH = YES;
				COPY_PHASE_STRIP = NO;
				DEBUG_INFORMATION_FORMAT = "dwarf-with-dsym";
				DEVELOPMENT_TEAM = "";
				ENABLE_NS_ASSERTIONS = NO;
				ENABLE_STRICT_OBJC_MSGSEND = YES;
				GCC_C_LANGUAGE_STANDARD = gnu99;
				GCC_NO_COMMON_BLOCKS = YES;
				GCC_WARN_64_TO_32_BIT_CONVERSION = YES;
				GCC_WARN_ABOUT_RETURN_TYPE = YES_ERROR;
				GCC_WARN_UNDECLARED_SELECTOR = YES;
				GCC_WARN_UNINITIALIZED_AUTOS = YES_AGGRESSIVE;
				GCC_WARN_UNUSED_FUNCTION = YES;
				GCC_WARN_UNUSED_VARIABLE = YES;
				INFOPLIST_FILE = tvOSTests/Info.plist;
				LD_RUNPATH_SEARCH_PATHS = "$(inherited) @executable_path/Frameworks @loader_path/Frameworks";
				MTL_ENABLE_DEBUG_INFO = NO;
				PRODUCT_BUNDLE_IDENTIFIER = com.netcosports.tests.tvos;
				PRODUCT_NAME = "$(TARGET_NAME)";
				PROVISIONING_PROFILE_SPECIFIER = "";
				SDKROOT = appletvos;
				SWIFT_OBJC_BRIDGING_HEADER = "Bridging-Header.h";
				SWIFT_OPTIMIZATION_LEVEL = "-Owholemodule";
				SWIFT_VERSION = 4.0;
				TVOS_DEPLOYMENT_TARGET = 10.0;
				VALIDATE_PRODUCT = YES;
			};
			name = Release;
		};
		B59E9BA01EC361C1002018AE /* Debug */ = {
			isa = XCBuildConfiguration;
			buildSettings = {
			};
			name = Debug;
		};
		B59E9BA11EC361C1002018AE /* Release */ = {
			isa = XCBuildConfiguration;
			buildSettings = {
			};
			name = Release;
		};
		B59E9BAD1EC361EC002018AE /* Debug */ = {
			isa = XCBuildConfiguration;
			baseConfigurationReference = 14B30AA46129A6E0CA108E30 /* Pods-Tests-iOSTests.debug.xcconfig */;
			buildSettings = {
				ALWAYS_SEARCH_USER_PATHS = NO;
				CLANG_ANALYZER_NONNULL = YES;
				CLANG_ANALYZER_NUMBER_OBJECT_CONVERSION = YES_AGGRESSIVE;
				CLANG_CXX_LANGUAGE_STANDARD = "gnu++0x";
				CLANG_CXX_LIBRARY = "libc++";
				CLANG_ENABLE_MODULES = YES;
				CLANG_ENABLE_OBJC_ARC = YES;
				CLANG_WARN_BOOL_CONVERSION = YES;
				CLANG_WARN_CONSTANT_CONVERSION = YES;
				CLANG_WARN_DIRECT_OBJC_ISA_USAGE = YES_ERROR;
				CLANG_WARN_DOCUMENTATION_COMMENTS = YES;
				CLANG_WARN_EMPTY_BODY = YES;
				CLANG_WARN_ENUM_CONVERSION = YES;
				CLANG_WARN_INFINITE_RECURSION = YES;
				CLANG_WARN_INT_CONVERSION = YES;
				CLANG_WARN_OBJC_ROOT_CLASS = YES_ERROR;
				CLANG_WARN_SUSPICIOUS_MOVE = YES;
				CLANG_WARN_UNREACHABLE_CODE = YES;
				CLANG_WARN__DUPLICATE_METHOD_MATCH = YES;
				"CODE_SIGN_IDENTITY[sdk=iphoneos*]" = "iPhone Developer";
				COPY_PHASE_STRIP = NO;
				DEBUG_INFORMATION_FORMAT = dwarf;
				DEVELOPMENT_TEAM = JPS45PPV79;
				ENABLE_STRICT_OBJC_MSGSEND = YES;
				ENABLE_TESTABILITY = YES;
				GCC_C_LANGUAGE_STANDARD = gnu99;
				GCC_DYNAMIC_NO_PIC = NO;
				GCC_NO_COMMON_BLOCKS = YES;
				GCC_OPTIMIZATION_LEVEL = 0;
				GCC_PREPROCESSOR_DEFINITIONS = (
					"DEBUG=1",
					"$(inherited)",
				);
				GCC_WARN_64_TO_32_BIT_CONVERSION = YES;
				GCC_WARN_ABOUT_RETURN_TYPE = YES_ERROR;
				GCC_WARN_UNDECLARED_SELECTOR = YES;
				GCC_WARN_UNINITIALIZED_AUTOS = YES_AGGRESSIVE;
				GCC_WARN_UNUSED_FUNCTION = YES;
				GCC_WARN_UNUSED_VARIABLE = YES;
				INFOPLIST_FILE = iOSTests/Info.plist;
				IPHONEOS_DEPLOYMENT_TARGET = 10.0;
				LD_RUNPATH_SEARCH_PATHS = "$(inherited) @executable_path/Frameworks @loader_path/Frameworks";
				MTL_ENABLE_DEBUG_INFO = YES;
				ONLY_ACTIVE_ARCH = YES;
				PRODUCT_BUNDLE_IDENTIFIER = com.netcosports.tests.ios;
				PRODUCT_NAME = "$(TARGET_NAME)";
				PROVISIONING_PROFILE_SPECIFIER = "";
				SDKROOT = iphoneos;
				SWIFT_ACTIVE_COMPILATION_CONDITIONS = DEBUG;
				SWIFT_OBJC_BRIDGING_HEADER = "Bridging-Header.h";
				SWIFT_OPTIMIZATION_LEVEL = "-Onone";
				SWIFT_VERSION = 4.0;
				TEST_HOST = "$(BUILT_PRODUCTS_DIR)/HostApplication.app/HostApplication";
			};
			name = Debug;
		};
		B59E9BAE1EC361EC002018AE /* Release */ = {
			isa = XCBuildConfiguration;
			baseConfigurationReference = 0BC17A57F7A1793CA66C559C /* Pods-Tests-iOSTests.release.xcconfig */;
			buildSettings = {
				ALWAYS_SEARCH_USER_PATHS = NO;
				CLANG_ANALYZER_NONNULL = YES;
				CLANG_ANALYZER_NUMBER_OBJECT_CONVERSION = YES_AGGRESSIVE;
				CLANG_CXX_LANGUAGE_STANDARD = "gnu++0x";
				CLANG_CXX_LIBRARY = "libc++";
				CLANG_ENABLE_MODULES = YES;
				CLANG_ENABLE_OBJC_ARC = YES;
				CLANG_WARN_BOOL_CONVERSION = YES;
				CLANG_WARN_CONSTANT_CONVERSION = YES;
				CLANG_WARN_DIRECT_OBJC_ISA_USAGE = YES_ERROR;
				CLANG_WARN_DOCUMENTATION_COMMENTS = YES;
				CLANG_WARN_EMPTY_BODY = YES;
				CLANG_WARN_ENUM_CONVERSION = YES;
				CLANG_WARN_INFINITE_RECURSION = YES;
				CLANG_WARN_INT_CONVERSION = YES;
				CLANG_WARN_OBJC_ROOT_CLASS = YES_ERROR;
				CLANG_WARN_SUSPICIOUS_MOVE = YES;
				CLANG_WARN_UNREACHABLE_CODE = YES;
				CLANG_WARN__DUPLICATE_METHOD_MATCH = YES;
				"CODE_SIGN_IDENTITY[sdk=iphoneos*]" = "iPhone Developer";
				COPY_PHASE_STRIP = NO;
				DEBUG_INFORMATION_FORMAT = "dwarf-with-dsym";
				DEVELOPMENT_TEAM = "";
				ENABLE_NS_ASSERTIONS = NO;
				ENABLE_STRICT_OBJC_MSGSEND = YES;
				GCC_C_LANGUAGE_STANDARD = gnu99;
				GCC_NO_COMMON_BLOCKS = YES;
				GCC_WARN_64_TO_32_BIT_CONVERSION = YES;
				GCC_WARN_ABOUT_RETURN_TYPE = YES_ERROR;
				GCC_WARN_UNDECLARED_SELECTOR = YES;
				GCC_WARN_UNINITIALIZED_AUTOS = YES_AGGRESSIVE;
				GCC_WARN_UNUSED_FUNCTION = YES;
				GCC_WARN_UNUSED_VARIABLE = YES;
				INFOPLIST_FILE = iOSTests/Info.plist;
				IPHONEOS_DEPLOYMENT_TARGET = 10.0;
				LD_RUNPATH_SEARCH_PATHS = "$(inherited) @executable_path/Frameworks @loader_path/Frameworks";
				MTL_ENABLE_DEBUG_INFO = NO;
				PRODUCT_BUNDLE_IDENTIFIER = com.netcosports.tests.ios;
				PRODUCT_NAME = "$(TARGET_NAME)";
				PROVISIONING_PROFILE_SPECIFIER = "";
				SDKROOT = iphoneos;
				SWIFT_OBJC_BRIDGING_HEADER = "Bridging-Header.h";
				SWIFT_OPTIMIZATION_LEVEL = "-Owholemodule";
				SWIFT_VERSION = 4.0;
				TEST_HOST = "$(BUILT_PRODUCTS_DIR)/HostApplication.app/HostApplication";
				VALIDATE_PRODUCT = YES;
			};
			name = Release;
		};
/* End XCBuildConfiguration section */

/* Begin XCConfigurationList section */
		AADF73F52021C98F003985AE /* Build configuration list for PBXNativeTarget "HostApplication" */ = {
			isa = XCConfigurationList;
			buildConfigurations = (
				AADF73F32021C98F003985AE /* Debug */,
				AADF73F42021C98F003985AE /* Release */,
			);
			defaultConfigurationIsVisible = 0;
			defaultConfigurationName = Release;
		};
		B56E8B931F16615600D5F227 /* Build configuration list for PBXNativeTarget "tvOSTests" */ = {
			isa = XCConfigurationList;
			buildConfigurations = (
				B56E8B911F16615600D5F227 /* Debug */,
				B56E8B921F16615600D5F227 /* Release */,
			);
			defaultConfigurationIsVisible = 0;
			defaultConfigurationName = Release;
		};
		B59E9B9F1EC361C1002018AE /* Build configuration list for PBXProject "Tests" */ = {
			isa = XCConfigurationList;
			buildConfigurations = (
				B59E9BA01EC361C1002018AE /* Debug */,
				B59E9BA11EC361C1002018AE /* Release */,
			);
			defaultConfigurationIsVisible = 0;
			defaultConfigurationName = Release;
		};
		B59E9BAC1EC361EC002018AE /* Build configuration list for PBXNativeTarget "iOSTests" */ = {
			isa = XCConfigurationList;
			buildConfigurations = (
				B59E9BAD1EC361EC002018AE /* Debug */,
				B59E9BAE1EC361EC002018AE /* Release */,
			);
			defaultConfigurationIsVisible = 0;
			defaultConfigurationName = Release;
		};
/* End XCConfigurationList section */
	};
	rootObject = B59E9B9C1EC361C1002018AE /* Project object */;
}
